
Microsoft Visual Studio Solution File, Format Version 12.00
# Visual Studio 15
VisualStudioVersion = 15.0.28307.102
MinimumVisualStudioVersion = 10.0.40219.1
Project("{FAE04EC0-301F-11D3-BF4B-00C04F79EFBC}") = "Rodkulman.RedditReader", "Rodkulman.RedditReader\Rodkulman.RedditReader.csproj", "{5A909C67-7DBA-4B75-A4B8-9EB1961EF0EB}"
EndProject
Global
	GlobalSection(SolutionConfigurationPlatforms) = preSolution
		Debug|Any CPU = Debug|Any CPU
		Release|Any CPU = Release|Any CPU
	EndGlobalSection
	GlobalSection(ProjectConfigurationPlatforms) = postSolution
		{5A909C67-7DBA-4B75-A4B8-9EB1961EF0EB}.Debug|Any CPU.ActiveCfg = Debug|Any CPU
		{5A909C67-7DBA-4B75-A4B8-9EB1961EF0EB}.Debug|Any CPU.Build.0 = Debug|Any CPU
		{5A909C67-7DBA-4B75-A4B8-9EB1961EF0EB}.Release|Any CPU.ActiveCfg = Release|Any CPU
		{5A909C67-7DBA-4B75-A4B8-9EB1961EF0EB}.Release|Any CPU.Build.0 = Release|Any CPU
	EndGlobalSection
	GlobalSection(SolutionProperties) = preSolution
		HideSolutionNode = FALSE
	EndGlobalSection
	GlobalSection(ExtensibilityGlobals) = postSolution
		SolutionGuid = {627D9C34-67E4-4D37-A6F5-601E5A9778BF}
	EndGlobalSection
EndGlobal
